# This file is automatically @generated by Cargo.
# It is not intended for manual editing.
version = 3

[[package]]
name = "hybrid-array"
version = "0.2.0-rc.6"
dependencies = [
 "typenum",
 "zeroize",
]

[[package]]
name = "typenum"
version = "1.17.0"
source = "registry+https://github.com/rust-lang/crates.io-index"
checksum = "42ff0bf0c66b8238c6f3b578df37d0b7848e55df8577b3f74f92a69acceeb825"

[[package]]
name = "zeroize"
version = "1.7.0"
source = "registry+https://github.com/rust-lang/crates.io-index"
checksum = "525b4ec142c6b68a2d10f01f7bbf6755599ca3f81ea53b8431b7dd348f5fdb2d"
